
Microsoft Visual Studio Solution File, Format Version 12.00
# Visual Studio Version 16
VisualStudioVersion = 16.0.29613.14
MinimumVisualStudioVersion = 10.0.40219.1
Project("{8BC9CEB8-8B4A-11D0-8D11-00A0C91BC942}") = "calculator", "calculator.vcxproj", "{E008EA61-5E83-4D04-9921-09F9ED9997D5}"
EndProject
Project("{8BC9CEB8-8B4A-11D0-8D11-00A0C91BC942}") = "calculatorTest", "..\calculatorTest\calculatorTest.vcxproj", "{C5AAA451-492F-4711-A46F-12B3345E6E8A}"
EndProject
Global
	GlobalSection(SolutionConfigurationPlatforms) = preSolution
		Debug|x64 = Debug|x64
		Debug|x86 = Debug|x86
		Release|x64 = Release|x64
		Release|x86 = Release|x86
	EndGlobalSection
	GlobalSection(ProjectConfigurationPlatforms) = postSolution
		{E008EA61-5E83-4D04-9921-09F9ED9997D5}.Debug|x64.ActiveCfg = Debug|x64
		{E008EA61-5E83-4D04-9921-09F9ED9997D5}.Debug|x64.Build.0 = Debug|x64
		{E008EA61-5E83-4D04-9921-09F9ED9997D5}.Debug|x86.ActiveCfg = Debug|Win32
		{E008EA61-5E83-4D04-9921-09F9ED9997D5}.Debug|x86.Build.0 = Debug|Win32
		{E008EA61-5E83-4D04-9921-09F9ED9997D5}.Release|x64.ActiveCfg = Release|x64
		{E008EA61-5E83-4D04-9921-09F9ED9997D5}.Release|x64.Build.0 = Release|x64
		{E008EA61-5E83-4D04-9921-09F9ED9997D5}.Release|x86.ActiveCfg = Release|Win32
		{E008EA61-5E83-4D04-9921-09F9ED9997D5}.Release|x86.Build.0 = Release|Win32
		{C5AAA451-492F-4711-A46F-12B3345E6E8A}.Debug|x64.ActiveCfg = Debug|x64
		{C5AAA451-492F-4711-A46F-12B3345E6E8A}.Debug|x64.Build.0 = Debug|x64
		{C5AAA451-492F-4711-A46F-12B3345E6E8A}.Debug|x86.ActiveCfg = Debug|Win32
		{C5AAA451-492F-4711-A46F-12B3345E6E8A}.Debug|x86.Build.0 = Debug|Win32
		{C5AAA451-492F-4711-A46F-12B3345E6E8A}.Release|x64.ActiveCfg = Release|x64
		{C5AAA451-492F-4711-A46F-12B3345E6E8A}.Release|x64.Build.0 = Release|x64
		{C5AAA451-492F-4711-A46F-12B3345E6E8A}.Release|x86.ActiveCfg = Release|Win32
		{C5AAA451-492F-4711-A46F-12B3345E6E8A}.Release|x86.Build.0 = Release|Win32
	EndGlobalSection
	GlobalSection(SolutionProperties) = preSolution
		HideSolutionNode = FALSE
	EndGlobalSection
	GlobalSection(ExtensibilityGlobals) = postSolution
		SolutionGuid = {7DC86015-85DD-41D5-AB7F-82F268B7EE03}
	EndGlobalSection
EndGlobal
